<?xml version="1.0" encoding="utf-8"?>
<Project ToolsVersion="4.0" xmlns="http://schemas.microsoft.com/developer/msbuild/2003">
  <ItemGroup>
    <Filter Include="Source">
      <UniqueIdentifier>{4FC737F1-C7A5-4376-A066-2A32D752A2FF}</UniqueIdentifier>
      <Extensions>cpp;c;cc;cxx;c++;cppm;ixx;def;odl;idl;hpj;bat;asm;asmx</Extensions>
    </Filter>
    <Filter Include="zDeprecated">
      <UniqueIdentifier>{c66aa173-4673-49a6-af36-9bbb5e0cdd79}</UniqueIdentifier>
    </Filter>
    <Filter Include="Source\Managers">
      <UniqueIdentifier>{5c33fe16-38ee-4bb2-be71-cafc997e4cba}</UniqueIdentifier>
    </Filter>
    <Filter Include="Ressources">
      <UniqueIdentifier>{67DA6AB6-F800-4c08-8B7A-83BB121AAD01}</UniqueIdentifier>
      <Extensions>rc;ico;cur;bmp;dlg;rc2;rct;bin;rgs;gif;jpg;jpeg;jpe;resx;tiff;tif;png;wav;mfcribbon-ms</Extensions>
    </Filter>
    <Filter Include="Source\Base">
      <UniqueIdentifier>{afb6fcc0-7061-45c3-b975-5579ea1a630f}</UniqueIdentifier>
    </Filter>
    <Filter Include="Source\Actors">
      <UniqueIdentifier>{18865e06-ae9a-4d8c-82d1-3e867b84f9d8}</UniqueIdentifier>
    </Filter>
    <Filter Include="Source\Actors\Inventory">
      <UniqueIdentifier>{e6060964-9bde-4dcd-adf3-38ccd8597606}</UniqueIdentifier>
    </Filter>
    <Filter Include="Source\Actors\Inventory\Items">
      <UniqueIdentifier>{b541e6f6-a07d-4ce5-b6b6-5bf572e13ea5}</UniqueIdentifier>
    </Filter>
    <Filter Include="Source\Actors\Inventory\Items\Weapons">
      <UniqueIdentifier>{53b46cf5-e3d4-4b48-a016-9a7d6ffda86d}</UniqueIdentifier>
    </Filter>
    <Filter Include="Source\Base\Abstracts">
      <UniqueIdentifier>{fa25da7d-d065-4dc1-9c81-8740e000ddad}</UniqueIdentifier>
    </Filter>
    <Filter Include="Source\Actors\Inventory\Items\Perks">
      <UniqueIdentifier>{f057bce3-b246-4c70-bc7e-c202debb8cd7}</UniqueIdentifier>
    </Filter>
    <Filter Include="Source\Helpers">
      <UniqueIdentifier>{3c6d6988-b775-4bc8-bedd-07c42a8e4d3b}</UniqueIdentifier>
    </Filter>
    <Filter Include="Source\libs">
      <UniqueIdentifier>{1b56c034-b3a0-4ed9-b5e2-936c31c6bf8f}</UniqueIdentifier>
    </Filter>
    <Filter Include="Source\Managers\Pools">
      <UniqueIdentifier>{9c2398b0-0c08-45fa-adb4-be56d64de2f6}</UniqueIdentifier>
    </Filter>
    <Filter Include="Source\Actors\Entities">
      <UniqueIdentifier>{9fb71fd1-b397-450a-8bcc-9e57efe83d01}</UniqueIdentifier>
    </Filter>
    <Filter Include="Source\Actors\Entities\Enemies">
      <UniqueIdentifier>{ddb69889-7fa9-4194-8734-a9931b3609e8}</UniqueIdentifier>
    </Filter>
    <Filter Include="Source\Actors\Entities\Pickups">
      <UniqueIdentifier>{9030cb0a-9198-46a2-8900-0a52a3f04e58}</UniqueIdentifier>
    </Filter>
    <Filter Include="Source\Actors\Entities\Projectiles">
      <UniqueIdentifier>{83b09f9a-3a51-4552-b0a1-af70c154c201}</UniqueIdentifier>
    </Filter>
    <Filter Include="Source\Actors\Entities\Particles">
      <UniqueIdentifier>{8ccf1d1c-a71a-4cba-92d7-ea8931ac79fd}</UniqueIdentifier>
    </Filter>
    <Filter Include="Source\Managers\EnemySpawner">
      <UniqueIdentifier>{08f025f9-890c-4983-9d4c-afbb7cd3ad99}</UniqueIdentifier>
    </Filter>
    <Filter Include="Source\Managers\EnemySpawner\SpawnWaves">
      <UniqueIdentifier>{cf2cfde1-dcf4-4056-a83d-922a19397ec4}</UniqueIdentifier>
    </Filter>
    <Filter Include="Source\VisualInterfaces">
      <UniqueIdentifier>{768c09ac-d6fa-4f9e-b491-e337e312c543}</UniqueIdentifier>
    </Filter>
    <Filter Include="Source\VisualInterfaces\Widgets">
      <UniqueIdentifier>{518dc37e-3c66-4310-9066-10faf35ded48}</UniqueIdentifier>
    </Filter>
    <Filter Include="Source\VisualInterfaces\Components">
      <UniqueIdentifier>{2d820b32-c64a-4a0e-8469-159a3859fb27}</UniqueIdentifier>
    </Filter>
    <Filter Include="Source\VisualInterfaces\Widgets\MainMenu">
      <UniqueIdentifier>{3909683b-5a37-4264-843c-c747b5928342}</UniqueIdentifier>
    </Filter>
    <Filter Include="Source\VisualInterfaces\Widgets\Gameplay">
      <UniqueIdentifier>{da909f34-0adb-4fd1-8009-59a1cbcdb0fc}</UniqueIdentifier>
    </Filter>
    <Filter Include="Source\VisualInterfaces\Widgets\Options">
      <UniqueIdentifier>{5c67917d-6ecf-4c8d-8452-a942ce7701de}</UniqueIdentifier>
    </Filter>
    <Filter Include="Source\VisualInterfaces\Widgets\Gameplay\LevelUp / Perks">
      <UniqueIdentifier>{ab0f80ee-67fb-492d-88d2-f16f76fb31a8}</UniqueIdentifier>
    </Filter>
  </ItemGroup>
  <ItemGroup>
    <ClCompile Include="main.cpp">
      <Filter>Source</Filter>
    </ClCompile>
    <ClCompile Include="Inventory.cpp">
      <Filter>Source\Actors\Inventory</Filter>
    </ClCompile>
    <ClCompile Include="CollisionManager.cpp">
      <Filter>Source\Managers</Filter>
    </ClCompile>
    <ClCompile Include="ItemBaseClasses.cpp">
      <Filter>Source\Actors\Inventory</Filter>
    </ClCompile>
    <ClCompile Include="Renderer.cpp">
      <Filter>Source\Managers</Filter>
    </ClCompile>
    <ClCompile Include="GameInstance.cpp">
      <Filter>Source\Base</Filter>
    </ClCompile>
    <ClCompile Include="WidgetBase.cpp">
      <Filter>Source\Base</Filter>
    </ClCompile>
    <ClCompile Include="SoundManager.cpp">
      <Filter>Source\Managers</Filter>
    </ClCompile>
    <ClCompile Include="FontManager.h">
      <Filter>Source\Managers</Filter>
    </ClCompile>
    <ClCompile Include="FontManager.cpp">
      <Filter>Source\Managers</Filter>
    </ClCompile>
    <ClCompile Include="RenderInfo.h">
      <Filter>Source\Base\Abstracts</Filter>
    </ClCompile>
    <ClCompile Include="Weapon_Rifle_Burst.h">
      <Filter>Source\Actors\Inventory\Items\Weapons</Filter>
    </ClCompile>
    <ClCompile Include="Flashlight.cpp">
      <Filter>Source\Actors\Inventory\Items</Filter>
    </ClCompile>
    <ClCompile Include="SaveGame.cpp">
      <Filter>Source\Helpers</Filter>
    </ClCompile>
    <ClCompile Include="Entity.cpp">
      <Filter>Source\Actors</Filter>
    </ClCompile>
    <ClCompile Include="DrawableShape.cpp">
      <Filter>Source\Helpers</Filter>
    </ClCompile>
    <ClCompile Include="EntityManager.cpp">
      <Filter>Source\Managers</Filter>
    </ClCompile>
    <ClCompile Include="Player.cpp">
      <Filter>Source\Actors\Entities</Filter>
    </ClCompile>
    <ClCompile Include="Projectile.cpp">
      <Filter>Source\Actors\Entities</Filter>
    </ClCompile>
    <ClCompile Include="Projectiles_Shotgun.h">
      <Filter>Source\Actors\Entities\Projectiles</Filter>
    </ClCompile>
    <ClCompile Include="Enemy.cpp">
      <Filter>Source\Actors\Entities</Filter>
    </ClCompile>
    <ClCompile Include="P_Sparkle.cpp">
      <Filter>Source\Actors\Entities\Particles</Filter>
    </ClCompile>
    <ClCompile Include="Particle.cpp">
      <Filter>Source\Actors\Entities</Filter>
    </ClCompile>
    <ClCompile Include="Pickup.cpp">
      <Filter>Source\Actors\Entities</Filter>
    </ClCompile>
    <ClCompile Include="PU_ExperienceOrb.cpp">
      <Filter>Source\Actors\Entities\Pickups</Filter>
    </ClCompile>
    <ClCompile Include="SpawnWave.cpp">
      <Filter>Source\Managers\EnemySpawner</Filter>
    </ClCompile>
    <ClCompile Include="LevelSystem.cpp">
      <Filter>Source\Actors\Inventory</Filter>
    </ClCompile>
    <ClCompile Include="SW_Stage1.h">
      <Filter>Source\Managers\EnemySpawner\SpawnWaves</Filter>
    </ClCompile>
    <ClCompile Include="Button.cpp">
      <Filter>Source\VisualInterfaces\Components</Filter>
    </ClCompile>
    <ClCompile Include="Slider.cpp">
      <Filter>Source\VisualInterfaces\Components</Filter>
    </ClCompile>
    <ClCompile Include="W_Hud.cpp">
      <Filter>Source\VisualInterfaces\Widgets\Gameplay</Filter>
    </ClCompile>
    <ClCompile Include="Options.cpp">
      <Filter>Source\VisualInterfaces\Widgets\Options</Filter>
    </ClCompile>
    <ClCompile Include="W_OptionsSounds.cpp">
      <Filter>Source\VisualInterfaces\Widgets\Options</Filter>
    </ClCompile>
    <ClCompile Include="W_OptionsGraphics.cpp">
      <Filter>Source\VisualInterfaces\Widgets\Options</Filter>
    </ClCompile>
    <ClCompile Include="Gameplay.cpp">
      <Filter>Source\VisualInterfaces\Widgets\Gameplay</Filter>
    </ClCompile>
    <ClCompile Include="W_GameOver.cpp">
      <Filter>Source\VisualInterfaces\Widgets\Gameplay</Filter>
    </ClCompile>
    <ClCompile Include="W_Paused.cpp">
      <Filter>Source\VisualInterfaces\Widgets\Gameplay</Filter>
    </ClCompile>
    <ClCompile Include="W_LevelMenu.cpp">
      <Filter>Source\VisualInterfaces\Widgets\MainMenu</Filter>
    </ClCompile>
    <ClCompile Include="W_SelectWeapon.h">
      <Filter>Source\VisualInterfaces\Widgets\MainMenu</Filter>
    </ClCompile>
    <ClCompile Include="W_SelectWeapon.cpp">
      <Filter>Source\VisualInterfaces\Widgets\MainMenu</Filter>
    </ClCompile>
    <ClCompile Include="MainMenu.cpp">
      <Filter>Source\VisualInterfaces\Widgets\MainMenu</Filter>
    </ClCompile>
    <ClCompile Include="W_Inventory.cpp">
      <Filter>Source\VisualInterfaces\Widgets\Gameplay</Filter>
    </ClCompile>
    <ClCompile Include="Background.cpp">
      <Filter>Source</Filter>
    </ClCompile>
    <ClCompile Include="W_LevelUp.cpp">
      <Filter>Source\VisualInterfaces\Widgets\Gameplay\LevelUp / Perks</Filter>
    </ClCompile>
    <ClCompile Include="PerkFamilyDisplay.cpp">
      <Filter>Source\VisualInterfaces\Widgets\Gameplay\LevelUp / Perks</Filter>
    </ClCompile>
  </ItemGroup>
  <ItemGroup>
    <ClInclude Include="CollisionManager.h">
      <Filter>Source\Managers</Filter>
    </ClInclude>
    <ClInclude Include="Renderer.h">
      <Filter>Source\Managers</Filter>
    </ClInclude>
    <ClInclude Include="SoundManager.h">
      <Filter>Source\Managers</Filter>
    </ClInclude>
    <ClInclude Include="ItemPool.h">
      <Filter>Source\Managers\Pools</Filter>
    </ClInclude>
    <ClInclude Include="Collision.h">
      <Filter>Source\Base\Abstracts</Filter>
    </ClInclude>
    <ClInclude Include="Weapon_Shotgun.h">
      <Filter>Source\Actors\Inventory\Items\Weapons</Filter>
    </ClInclude>
    <ClInclude Include="Weapon_Pistol.h">
      <Filter>Source\Actors\Inventory\Items\Weapons</Filter>
    </ClInclude>
    <ClInclude Include="Weapon_Rifle.h">
      <Filter>Source\Actors\Inventory\Items\Weapons</Filter>
    </ClInclude>
    <ClInclude Include="Inventory.h">
      <Filter>Source\Actors\Inventory</Filter>
    </ClInclude>
    <ClInclude Include="ItemBaseClasses.h">
      <Filter>Source\Actors\Inventory</Filter>
    </ClInclude>
    <ClInclude Include="Flashlight.h">
      <Filter>Source\Actors\Inventory\Items</Filter>
    </ClInclude>
    <ClInclude Include="Widgets.h">
      <Filter>Source\VisualInterfaces</Filter>
    </ClInclude>
    <ClInclude Include="WidgetBase.h">
      <Filter>Source\Base</Filter>
    </ClInclude>
    <ClInclude Include="GameInstance.h">
      <Filter>Source\Base</Filter>
    </ClInclude>
    <ClInclude Include="Health.h">
      <Filter>Source\Base\Abstracts</Filter>
    </ClInclude>
    <ClInclude Include="BaseTypes.h">
      <Filter>Source\Base</Filter>
    </ClInclude>
    <ClInclude Include="Functions.h">
      <Filter>Source\Helpers</Filter>
    </ClInclude>
    <ClInclude Include="RandomNumbers.h">
      <Filter>Source\Helpers</Filter>
    </ClInclude>
    <ClInclude Include="SaveGame.h">
      <Filter>Source\Helpers</Filter>
    </ClInclude>
    <ClInclude Include="ValueBar.h">
      <Filter>Source\Helpers</Filter>
    </ClInclude>
    <ClInclude Include="AllPerks.h">
      <Filter>Source\libs</Filter>
    </ClInclude>
    <ClInclude Include="AllWeapons.h">
      <Filter>Source\libs</Filter>
    </ClInclude>
    <ClInclude Include="SFML_Arena.h">
      <Filter>Source\libs</Filter>
    </ClInclude>
    <ClInclude Include="Entity.h">
      <Filter>Source\Actors</Filter>
    </ClInclude>
    <ClInclude Include="Input.h">
      <Filter>Source\Helpers</Filter>
    </ClInclude>
    <ClInclude Include="DrawableShape.h">
      <Filter>Source\Helpers</Filter>
    </ClInclude>
    <ClInclude Include="GenericPool.h">
      <Filter>Source\Managers\Pools</Filter>
    </ClInclude>
    <ClInclude Include="Damage.h">
      <Filter>Source\Base\Abstracts</Filter>
    </ClInclude>
    <ClInclude Include="EntityManager.h">
      <Filter>Source\Managers</Filter>
    </ClInclude>
    <ClInclude Include="AllEntities.h">
      <Filter>Source\libs</Filter>
    </ClInclude>
    <ClInclude Include="Player.h">
      <Filter>Source\Actors\Entities</Filter>
    </ClInclude>
    <ClInclude Include="Projectile.h">
      <Filter>Source\Actors\Entities</Filter>
    </ClInclude>
    <ClInclude Include="Projectiles_Pistol.h">
      <Filter>Source\Actors\Entities\Projectiles</Filter>
    </ClInclude>
    <ClInclude Include="Projectiles_Rifle.h">
      <Filter>Source\Actors\Entities\Projectiles</Filter>
    </ClInclude>
    <ClInclude Include="Enemy.h">
      <Filter>Source\Actors\Entities</Filter>
    </ClInclude>
    <ClInclude Include="P_Sparkle.h">
      <Filter>Source\Actors\Entities\Particles</Filter>
    </ClInclude>
    <ClInclude Include="Lifetime.h">
      <Filter>Source\Base\Abstracts</Filter>
    </ClInclude>
    <ClInclude Include="Particle.h">
      <Filter>Source\Actors\Entities</Filter>
    </ClInclude>
    <ClInclude Include="Pickup.h">
      <Filter>Source\Actors\Entities</Filter>
    </ClInclude>
    <ClInclude Include="PU_ExperienceOrb.h">
      <Filter>Source\Actors\Entities\Pickups</Filter>
    </ClInclude>
    <ClInclude Include="SpawnWave.h">
      <Filter>Source\Managers\EnemySpawner</Filter>
    </ClInclude>
    <ClInclude Include="AllEnemyWaves.h">
      <Filter>Source\libs</Filter>
    </ClInclude>
    <ClInclude Include="LevelSystem.h">
      <Filter>Source\Actors\Inventory</Filter>
    </ClInclude>
    <ClInclude Include="SW_Default.h">
      <Filter>Source\Managers\EnemySpawner\SpawnWaves</Filter>
    </ClInclude>
    <ClInclude Include="SW_Stage2.h">
      <Filter>Source\Managers\EnemySpawner\SpawnWaves</Filter>
    </ClInclude>
    <ClInclude Include="Button.h">
      <Filter>Source\VisualInterfaces\Components</Filter>
    </ClInclude>
    <ClInclude Include="Slider.h">
      <Filter>Source\VisualInterfaces\Components</Filter>
    </ClInclude>
    <ClInclude Include="MainMenuSubWidgets.h">
      <Filter>Source\VisualInterfaces\Widgets\MainMenu</Filter>
    </ClInclude>
    <ClInclude Include="GameplaySubWidgets.h">
      <Filter>Source\VisualInterfaces\Widgets\Gameplay</Filter>
    </ClInclude>
    <ClInclude Include="Options.h">
      <Filter>Source\VisualInterfaces\Widgets\Options</Filter>
    </ClInclude>
    <ClInclude Include="W_Paused.h">
      <Filter>Source\VisualInterfaces\Widgets\Gameplay</Filter>
    </ClInclude>
    <ClInclude Include="W_GameOver.h">
      <Filter>Source\VisualInterfaces\Widgets\Gameplay</Filter>
    </ClInclude>
    <ClInclude Include="W_Hud.h">
      <Filter>Source\VisualInterfaces\Widgets\Gameplay</Filter>
    </ClInclude>
    <ClInclude Include="Gameplay.h">
      <Filter>Source\VisualInterfaces\Widgets\Gameplay</Filter>
    </ClInclude>
    <ClInclude Include="W_OptionsGraphics.h">
      <Filter>Source\VisualInterfaces\Widgets\Options</Filter>
    </ClInclude>
    <ClInclude Include="W_OptionsSounds.h">
      <Filter>Source\VisualInterfaces\Widgets\Options</Filter>
    </ClInclude>
    <ClInclude Include="W_LevelMenu.h">
      <Filter>Source\VisualInterfaces\Widgets\MainMenu</Filter>
    </ClInclude>
    <ClInclude Include="MainMenu.h">
      <Filter>Source\VisualInterfaces\Widgets\MainMenu</Filter>
    </ClInclude>
    <ClInclude Include="W_Inventory.h">
      <Filter>Source\VisualInterfaces\Widgets\Gameplay</Filter>
    </ClInclude>
    <ClInclude Include="Background.h">
      <Filter>Source\VisualInterfaces\Components</Filter>
    </ClInclude>
    <ClInclude Include="design.h">
      <Filter>Source\Helpers</Filter>
    </ClInclude>
    <ClInclude Include="W_LevelUp.h">
      <Filter>Source\VisualInterfaces\Widgets\Gameplay\LevelUp / Perks</Filter>
    </ClInclude>
    <ClInclude Include="PerkFamilyDisplay.h">
      <Filter>Source\VisualInterfaces\Widgets\Gameplay\LevelUp / Perks</Filter>
    </ClInclude>
    <ClInclude Include="WidgetElements.h">
      <Filter>Source\libs</Filter>
    </ClInclude>
  </ItemGroup>
  <ItemGroup>
    <CopyFileToFolders Include="..\openal32.dll">
      <Filter>Ressources</Filter>
    </CopyFileToFolders>
    <CopyFileToFolders Include="SaveGame.txt">
      <Filter>Ressources</Filter>
    </CopyFileToFolders>
  </ItemGroup>
</Project>